
Microsoft Visual Studio Solution File, Format Version 11.00
# Visual Studio 2010
Project("{8BC9CEB8-8B4A-11D0-8D11-00A0C91BC942}") = "GraphDataMining", "GraphDataMining\GraphDataMining.vcxproj", "{6520D841-B3E5-44CE-B0D3-0A8F8123A8FC}"
EndProject
Global
	GlobalSection(SolutionConfigurationPlatforms) = preSolution
		Debug|Win32 = Debug|Win32
		Release|Win32 = Release|Win32
	EndGlobalSection
	GlobalSection(ProjectConfigurationPlatforms) = postSolution
		{6520D841-B3E5-44CE-B0D3-0A8F8123A8FC}.Debug|Win32.ActiveCfg = Debug|Win32
		{6520D841-B3E5-44CE-B0D3-0A8F8123A8FC}.Debug|Win32.Build.0 = Debug|Win32
		{6520D841-B3E5-44CE-B0D3-0A8F8123A8FC}.Release|Win32.ActiveCfg = Release|Win32
		{6520D841-B3E5-44CE-B0D3-0A8F8123A8FC}.Release|Win32.Build.0 = Release|Win32
	EndGlobalSection
	GlobalSection(SolutionProperties) = preSolution
		HideSolutionNode = FALSE
	EndGlobalSection
EndGlobal
